
Microsoft Visual Studio Solution File, Format Version 12.00
# Visual Studio Version 16
VisualStudioVersion = 25.0.1703.0
MinimumVisualStudioVersion = 10.0.40219.1
Project("{FAE04EC0-301F-11D3-BF4B-00C04F79EFBC}") = "ejercicio1", "ejercicio1\ejercicio1.csproj", "{CC397E88-5F39-497B-870B-B691A60EAC7B}"
EndProject
Global
	GlobalSection(SolutionConfigurationPlatforms) = preSolution
		Debug|Any CPU = Debug|Any CPU
		Release|Any CPU = Release|Any CPU
	EndGlobalSection
	GlobalSection(ProjectConfigurationPlatforms) = postSolution
		{CC397E88-5F39-497B-870B-B691A60EAC7B}.Debug|Any CPU.ActiveCfg = Debug|Any CPU
		{CC397E88-5F39-497B-870B-B691A60EAC7B}.Debug|Any CPU.Build.0 = Debug|Any CPU
		{CC397E88-5F39-497B-870B-B691A60EAC7B}.Release|Any CPU.ActiveCfg = Release|Any CPU
		{CC397E88-5F39-497B-870B-B691A60EAC7B}.Release|Any CPU.Build.0 = Release|Any CPU
	EndGlobalSection
	GlobalSection(SolutionProperties) = preSolution
		HideSolutionNode = FALSE
	EndGlobalSection
	GlobalSection(ExtensibilityGlobals) = postSolution
		SolutionGuid = {89A300FB-1313-4BA9-8764-88753B0191FC}
	EndGlobalSection
EndGlobal
